// !$*UTF8*$!
{
	archiveVersion = 1;
	classes = {
	};
	objectVersion = 110;
	objects = {

/* Begin PBXContainerItemProxy section */
		9BDB369D305539BA00E43083 /* PBXContainerItemProxy */ = {
			isa = PBXContainerItemProxy;
			containerPortal = 9BDB3687305539B800E43083 /* Project object */;
			proxyType = 1;
			remoteGlobalIDString = 9BDB368E305539B800E43083;
			remoteInfo = FastFileReceiver;
		};
		9BDB36A7305539BA00E43083 /* PBXContainerItemProxy */ = {
			isa = PBXContainerItemProxy;
			containerPortal = 9BDB3687305539B800E43083 /* Project object */;
			proxyType = 1;
			remoteGlobalIDString = 9BDB368E305539B800E43083;
			remoteInfo = FastFileReceiver;
		};
/* End PBXContainerItemProxy section */

/* Begin PBXFileReference section */
		9BDB368F305539B800E43083 /* FastFileReceiver.app */ = {isa = PBXFileReference; explicitFileType = wrapper.application; includeInIndex = 0; path = FastFileReceiver.app; sourceTree = BUILT_PRODUCTS_DIR; };
		9BDB369C305539BA00E43083 /* FastFileReceiverTests.xctest */ = {isa = PBXFileReference; explicitFileType = wrapper.cfbundle; includeInIndex = 0; path = FastFileReceiverTests.xctest; sourceTree = BUILT_PRODUCTS_DIR; };
		9BDB36A6305539BA00E43083 /* FastFileReceiverUITests.xctest */ = {isa = PBXFileReference; explicitFileType = wrapper.cfbundle; includeInIndex = 0; path = FastFileReceiverUITests.xctest; sourceTree = BUILT_PRODUCTS_DIR; };
/* End PBXFileReference section */

/* Begin PBXFileSystemSynchronizedBuildFileExceptionSet section */
		9B78798030660DAC006FF3B7 /* Exceptions for "FastFileReceiver" folder in "FastFileReceiver" target */ = {
			isa = PBXFileSystemSynchronizedBuildFileExceptionSet;
			membershipExceptions = (
				Info.plist,
			);
			target = 9BDB368E305539B800E43083 /* FastFileReceiver */;
		};
/* End PBXFileSystemSynchronizedBuildFileExceptionSet section */

/* Begin PBXFileSystemSynchronizedRootGroup section */
		9BDB3691305539B800E43083 /* FastFileReceiver */ = {
			isa = PBXFileSystemSynchronizedRootGroup;
			exceptions = (
				9B78798030660DAC006FF3B7 /* Exceptions for "FastFileReceiver" folder in "FastFileReceiver" target */,
			);
			path = FastFileReceiver;
			sourceTree = "<group>";
		};
		9BDB369F305539BA00E43083 /* FastFileReceiverTests */ = {
			isa = PBXFileSystemSynchronizedRootGroup;
			path = FastFileReceiverTests;
			sourceTree = "<group>";
		};
		9BDB36A9305539BA00E43083 /* FastFileReceiverUITests */ = {
			isa = PBXFileSystemSynchronizedRootGroup;
			path = FastFileReceiverUITests;
			sourceTree = "<group>";
		};
/* End PBXFileSystemSynchronizedRootGroup section */

/* Begin PBXFrameworksBuildPhase section */
		9BDB368C305539B800E43083 /* Frameworks */ = {
			isa = PBXFrameworksBuildPhase;
			files = (
			);
		};
		9BDB3699305539BA00E43083 /* Frameworks */ = {
			isa = PBXFrameworksBuildPhase;
			files = (
			);
		};
		9BDB36A3305539BA00E43083 /* Frameworks */ = {
			isa = PBXFrameworksBuildPhase;
			files = (
			);
		};
/* End PBXFrameworksBuildPhase section */

/* Begin PBXGroup section */
		9BDB3686305539B800E43083 = {
			isa = PBXGroup;
			children = (
				9BDB3691305539B800E43083 /* FastFileReceiver */,
				9BDB369F305539BA00E43083 /* FastFileReceiverTests */,
				9BDB36A9305539BA00E43083 /* FastFileReceiverUITests */,
				9BDB3690305539B800E43083 /* Products */,
			);
			sourceTree = "<group>";
		};
		9BDB3690305539B800E43083 /* Products */ = {
			isa = PBXGroup;
			children = (
				9BDB368F305539B800E43083 /* FastFileReceiver.app */,
				9BDB369C305539BA00E43083 /* FastFileReceiverTests.xctest */,
				9BDB36A6305539BA00E43083 /* FastFileReceiverUITests.xctest */,
			);
			name = Products;
			sourceTree = "<group>";
		};
/* End PBXGroup section */

/* Begin PBXNativeTarget section */
		9BDB368E305539B800E43083 /* FastFileReceiver */ = {
			isa = PBXNativeTarget;
			buildConfigurationList = 9BDB36AE305539BA00E43083 /* Build configuration list for PBXNativeTarget "FastFileReceiver" */;
			buildPhases = (
				9BDB368B305539B800E43083 /* Sources */,
				9BDB368C305539B800E43083 /* Frameworks */,
				9BDB368D305539B800E43083 /* Resources */,
			);
			buildRules = (
			);
			fileSystemSynchronizedGroups = (
				9BDB3691305539B800E43083 /* FastFileReceiver */,
			);
			name = FastFileReceiver;
			productName = FastFileReceiver;
			productReference = 9BDB368F305539B800E43083 /* FastFileReceiver.app */;
			productType = "com.apple.product-type.application";
		};
		9BDB369B305539BA00E43083 /* FastFileReceiverTests */ = {
			isa = PBXNativeTarget;
			buildConfigurationList = 9BDB36B1305539BA00E43083 /* Build configuration list for PBXNativeTarget "FastFileReceiverTests" */;
			buildPhases = (
				9BDB3698305539BA00E43083 /* Sources */,
				9BDB3699305539BA00E43083 /* Frameworks */,
				9BDB369A305539BA00E43083 /* Resources */,
			);
			buildRules = (
			);
			dependencies = (
				9BDB369E305539BA00E43083 /* PBXTargetDependency */,
			);
			fileSystemSynchronizedGroups = (
				9BDB369F305539BA00E43083 /* FastFileReceiverTests */,
			);
			name = FastFileReceiverTests;
			productName = FastFileReceiverTests;
			productReference = 9BDB369C305539BA00E43083 /* FastFileReceiverTests.xctest */;
			productType = "com.apple.product-type.bundle.unit-test";
		};
		9BDB36A5305539BA00E43083 /* FastFileReceiverUITests */ = {
			isa = PBXNativeTarget;
			buildConfigurationList = 9BDB36B4305539BA00E43083 /* Build configuration list for PBXNativeTarget "FastFileReceiverUITests" */;
			buildPhases = (
				9BDB36A2305539BA00E43083 /* Sources */,
				9BDB36A3305539BA00E43083 /* Frameworks */,
				9BDB36A4305539BA00E43083 /* Resources */,
			);
			buildRules = (
			);
			dependencies = (
				9BDB36A8305539BA00E43083 /* PBXTargetDependency */,
			);
			fileSystemSynchronizedGroups = (
				9BDB36A9305539BA00E43083 /* FastFileReceiverUITests */,
			);
			name = FastFileReceiverUITests;
			productName = FastFileReceiverUITests;
			productReference = 9BDB36A6305539BA00E43083 /* FastFileReceiverUITests.xctest */;
			productType = "com.apple.product-type.bundle.ui-testing";
		};
/* End PBXNativeTarget section */

/* Begin PBXProject section */
		9BDB3687305539B800E43083 /* Project object */ = {
			isa = PBXProject;
			attributes = {
				BuildIndependentTargetsInParallel = 1;
				LastSwiftUpdateCheck = 2700;
				LastUpgradeCheck = 2700;
				TargetAttributes = {
					9BDB368E305539B800E43083 = {
						CreatedOnToolsVersion = 27.0;
					};
					9BDB369B305539BA00E43083 = {
						CreatedOnToolsVersion = 27.0;
						TestTargetID = 9BDB368E305539B800E43083;
					};
					9BDB36A5305539BA00E43083 = {
						CreatedOnToolsVersion = 27.0;
						TestTargetID = 9BDB368E305539B800E43083;
					};
				};
			};
			buildConfigurationList = 9BDB368A305539B800E43083 /* Build configuration list for PBXProject "FastFileReceiver" */;
			developmentRegion = en;
			hasScannedForEncodings = 0;
			knownRegions = (
				en,
				Base,
			);
			mainGroup = 9BDB3686305539B800E43083;
			minimizedProjectReferenceProxies = 1;
			preferredProjectObjectVersion = 77;
			productRefGroup = 9BDB3690305539B800E43083 /* Products */;
			projectDirPath = "";
			projectRoot = "";
			targets = (
				9BDB368E305539B800E43083 /* FastFileReceiver */,
				9BDB369B305539BA00E43083 /* FastFileReceiverTests */,
				9BDB36A5305539BA00E43083 /* FastFileReceiverUITests */,
			);
		};
/* End PBXProject section */

/* Begin PBXResourcesBuildPhase section */
		9BDB368D305539B800E43083 /* Resources */ = {
			isa = PBXResourcesBuildPhase;
			files = (
			);
		};
		9BDB369A305539BA00E43083 /* Resources */ = {
			isa = PBXResourcesBuildPhase;
			files = (
			);
		};
		9BDB36A4305539BA00E43083 /* Resources */ = {
			isa = PBXResourcesBuildPhase;
			files = (
			);
		};
/* End PBXResourcesBuildPhase section */

/* Begin PBXSourcesBuildPhase section */
		9BDB368B305539B800E43083 /* Sources */ = {
			isa = PBXSourcesBuildPhase;
			files = (
			);
		};
		9BDB3698305539BA00E43083 /* Sources */ = {
			isa = PBXSourcesBuildPhase;
			files = (
			);
		};
		9BDB36A2305539BA00E43083 /* Sources */ = {
			isa = PBXSourcesBuildPhase;
			files = (
			);
		};
/* End PBXSourcesBuildPhase section */

/* Begin PBXTargetDependency section */
		9BDB369E305539BA00E43083 /* PBXTargetDependency */ = {
			isa = PBXTargetDependency;
			target = 9BDB368E305539B800E43083 /* FastFileReceiver */;
			targetProxy = 9BDB369D305539BA00E43083 /* PBXContainerItemProxy */;
		};
		9BDB36A8305539BA00E43083 /* PBXTargetDependency */ = {
			isa = PBXTargetDependency;
			target = 9BDB368E305539B800E43083 /* FastFileReceiver */;
			targetProxy = 9BDB36A7305539BA00E43083 /* PBXContainerItemProxy */;
		};
/* End PBXTargetDependency section */

/* Begin XCBuildConfiguration section */
		9BDB36AC305539BA00E43083 /* Debug configuration for PBXProject "FastFileReceiver" */ = {
			isa = XCBuildConfiguration;
			buildSettings = {
				ALWAYS_SEARCH_USER_PATHS = NO;
				ASSETCATALOG_COMPILER_GENERATE_SWIFT_ASSET_SYMBOL_EXTENSIONS = YES;
				CLANG_ANALYZER_NONNULL = YES;
				CLANG_ANALYZER_NUMBER_OBJECT_CONVERSION = YES_AGGRESSIVE;
				CLANG_CXX_LANGUAGE_STANDARD = "gnu++20";
				CLANG_ENABLE_MODULES = YES;
				CLANG_ENABLE_OBJC_ARC = YES;
				CLANG_ENABLE_OBJC_WEAK = YES;
				CLANG_WARN_BLOCK_CAPTURE_AUTORELEASING = YES;
				CLANG_WARN_BOOL_CONVERSION = YES;
				CLANG_WARN_COMMA = YES;
				CLANG_WARN_CONSTANT_CONVERSION = YES;
				CLANG_WARN_DEPRECATED_OBJC_IMPLEMENTATIONS = YES;
				CLANG_WARN_DIRECT_OBJC_ISA_USAGE = YES_ERROR;
				CLANG_WARN_DOCUMENTATION_COMMENTS = YES;
				CLANG_WARN_EMPTY_BODY = YES;
				CLANG_WARN_ENUM_CONVERSION = YES;
				CLANG_WARN_INFINITE_RECURSION = YES;
				CLANG_WARN_INT_CONVERSION = YES;
				CLANG_WARN_NON_LITERAL_NULL_CONVERSION = YES;
				CLANG_WARN_OBJC_IMPLICIT_RETAIN_SELF = YES;
				CLANG_WARN_OBJC_LITERAL_CONVERSION = YES;
				CLANG_WARN_OBJC_ROOT_CLASS = YES_ERROR;
				CLANG_WARN_QUOTED_INCLUDE_IN_FRAMEWORK_HEADER = YES;
				CLANG_WARN_RANGE_LOOP_ANALYSIS = YES;
				CLANG_WARN_STRICT_PROTOTYPES = YES;
				CLANG_WARN_SUSPICIOUS_MOVE = YES;
				CLANG_WARN_UNGUARDED_AVAILABILITY = YES_AGGRESSIVE;
				CLANG_WARN_UNREACHABLE_CODE = YES;
				CLANG_WARN__DUPLICATE_METHOD_MATCH = YES;
				COPY_PHASE_STRIP = NO;
				DEBUG_INFORMATION_FORMAT = dwarf;
				DEVELOPMENT_TEAM = B9P888266K;
				ENABLE_STRICT_OBJC_MSGSEND = YES;
				ENABLE_TESTABILITY = YES;
				ENABLE_USER_SCRIPT_SANDBOXING = YES;
				GCC_C_LANGUAGE_STANDARD = gnu17;
				GCC_DYNAMIC_NO_PIC = NO;
				GCC_NO_COMMON_BLOCKS = YES;
				GCC_OPTIMIZATION_LEVEL = 0;
				GCC_PREPROCESSOR_DEFINITIONS = (
					"DEBUG=1",
					"$(inherited)",
				);
				GCC_WARN_64_TO_32_BIT_CONVERSION = YES;
				GCC_WARN_ABOUT_RETURN_TYPE = YES_ERROR;
				GCC_WARN_UNDECLARED_SELECTOR = YES;
				GCC_WARN_UNINITIALIZED_AUTOS = YES_AGGRESSIVE;
				GCC_WARN_UNUSED_FUNCTION = YES;
				GCC_WARN_UNUSED_VARIABLE = YES;
				IPHONEOS_DEPLOYMENT_TARGET = 27.0;
				LOCALIZATION_PREFERS_STRING_CATALOGS = YES;
				MTL_ENABLE_DEBUG_INFO = INCLUDE_SOURCE;
				MTL_FAST_MATH = YES;
				ONLY_ACTIVE_ARCH = YES;
				SDKROOT = iphoneos;
				SWIFT_ACTIVE_COMPILATION_CONDITIONS = "DEBUG $(inherited)";
				SWIFT_OPTIMIZATION_LEVEL = "-Onone";
			};
			name = Debug;
		};
		9BDB36AD305539BA00E43083 /* Release configuration for PBXProject "FastFileReceiver" */ = {
			isa = XCBuildConfiguration;
			buildSettings = {
				ALWAYS_SEARCH_USER_PATHS = NO;
				ASSETCATALOG_COMPILER_GENERATE_SWIFT_ASSET_SYMBOL_EXTENSIONS = YES;
				CLANG_ANALYZER_NONNULL = YES;
				CLANG_ANALYZER_NUMBER_OBJECT_CONVERSION = YES_AGGRESSIVE;
				CLANG_CXX_LANGUAGE_STANDARD = "gnu++20";
				CLANG_ENABLE_MODULES = YES;
				CLANG_ENABLE_OBJC_ARC = YES;
				CLANG_ENABLE_OBJC_WEAK = YES;
				CLANG_WARN_BLOCK_CAPTURE_AUTORELEASING = YES;
				CLANG_WARN_BOOL_CONVERSION = YES;
				CLANG_WARN_COMMA = YES;
				CLANG_WARN_CONSTANT_CONVERSION = YES;
				CLANG_WARN_DEPRECATED_OBJC_IMPLEMENTATIONS = YES;
				CLANG_WARN_DIRECT_OBJC_ISA_USAGE = YES_ERROR;
				CLANG_WARN_DOCUMENTATION_COMMENTS = YES;
				CLANG_WARN_EMPTY_BODY = YES;
				CLANG_WARN_ENUM_CONVERSION = YES;
				CLANG_WARN_INFINITE_RECURSION = YES;
				CLANG_WARN_INT_CONVERSION = YES;
				CLANG_WARN_NON_LITERAL_NULL_CONVERSION = YES;
				CLANG_WARN_OBJC_IMPLICIT_RETAIN_SELF = YES;
				CLANG_WARN_OBJC_LITERAL_CONVERSION = YES;
				CLANG_WARN_OBJC_ROOT_CLASS = YES_ERROR;
				CLANG_WARN_QUOTED_INCLUDE_IN_FRAMEWORK_HEADER = YES;
				CLANG_WARN_RANGE_LOOP_ANALYSIS = YES;
				CLANG_WARN_STRICT_PROTOTYPES = YES;
				CLANG_WARN_SUSPICIOUS_MOVE = YES;
				CLANG_WARN_UNGUARDED_AVAILABILITY = YES_AGGRESSIVE;
				CLANG_WARN_UNREACHABLE_CODE = YES;
				CLANG_WARN__DUPLICATE_METHOD_MATCH = YES;
				COPY_PHASE_STRIP = NO;
				DEBUG_INFORMATION_FORMAT = "dwarf-with-dsym";
				DEVELOPMENT_TEAM = B9P888266K;
				ENABLE_NS_ASSERTIONS = NO;
				ENABLE_STRICT_OBJC_MSGSEND = YES;
				ENABLE_USER_SCRIPT_SANDBOXING = YES;
				GCC_C_LANGUAGE_STANDARD = gnu17;
				GCC_NO_COMMON_BLOCKS = YES;
				GCC_WARN_64_TO_32_BIT_CONVERSION = YES;
				GCC_WARN_ABOUT_RETURN_TYPE = YES_ERROR;
				GCC_WARN_UNDECLARED_SELECTOR = YES;
				GCC_WARN_UNINITIALIZED_AUTOS = YES_AGGRESSIVE;
				GCC_WARN_UNUSED_FUNCTION = YES;
				GCC_WARN_UNUSED_VARIABLE = YES;
				IPHONEOS_DEPLOYMENT_TARGET = 27.0;
				LOCALIZATION_PREFERS_STRING_CATALOGS = YES;
				MTL_ENABLE_DEBUG_INFO = NO;
				MTL_FAST_MATH = YES;
				SDKROOT = iphoneos;
				SWIFT_COMPILATION_MODE = wholemodule;
				VALIDATE_PRODUCT = YES;
			};
			name = Release;
		};
		9BDB36AF305539BA00E43083 /* Debug configuration for PBXNativeTarget "FastFileReceiver" */ = {
			isa = XCBuildConfiguration;
			buildSettings = {
				ASSETCATALOG_COMPILER_APPICON_NAME = AppIcon;
				ASSETCATALOG_COMPILER_GLOBAL_ACCENT_COLOR_NAME = AccentColor;
				CODE_SIGN_STYLE = Automatic;
				CURRENT_PROJECT_VERSION = 1;
				DEVELOPMENT_TEAM = B9P888266K;
				ENABLE_APP_SANDBOX = YES;
				ENABLE_HARDENED_RUNTIME = YES;
				ENABLE_OUTGOING_NETWORK_CONNECTIONS = YES;
				ENABLE_PREVIEWS = YES;
				GENERATE_INFOPLIST_FILE = YES;
				INFOPLIST_FILE = FastFileReceiver/Info.plist;
				INFOPLIST_KEY_UIApplicationSceneManifest_Generation = YES;
				INFOPLIST_KEY_UIApplicationSupportsIndirectInputEvents = YES;
				INFOPLIST_KEY_UILaunchScreen_Generation = YES;
				INFOPLIST_KEY_UISupportedInterfaceOrientations_iPad = "UIInterfaceOrientationPortrait UIInterfaceOrientationPortraitUpsideDown UIInterfaceOrientationLandscapeLeft UIInterfaceOrientationLandscapeRight";
				INFOPLIST_KEY_UISupportedInterfaceOrientations_iPhone = "UIInterfaceOrientationPortrait UIInterfaceOrientationLandscapeLeft UIInterfaceOrientationLandscapeRight";
				LD_RUNPATH_SEARCH_PATHS = (
					"$(inherited)",
					"@executable_path/Frameworks",
				);
				MARKETING_VERSION = 1.0;
				PRODUCT_BUNDLE_IDENTIFIER = com.aryanrogye.FastFileReceiver;
				PRODUCT_NAME = "$(TARGET_NAME)";
				REGISTER_APP_GROUPS = YES;
				STRING_CATALOG_GENERATE_SYMBOLS = YES;
				SUPPORTED_PLATFORMS = "iphoneos iphonesimulator";
				SUPPORTS_MACCATALYST = NO;
				SWIFT_APPROACHABLE_CONCURRENCY = YES;
				SWIFT_DEFAULT_ACTOR_ISOLATION = MainActor;
				SWIFT_EMIT_LOC_STRINGS = YES;
				SWIFT_UPCOMING_FEATURE_MEMBER_IMPORT_VISIBILITY = YES;
				SWIFT_VERSION = 5.0;
				TARGETED_DEVICE_FAMILY = "1,2";
			};
			name = Debug;
		};
		9BDB36B0305539BA00E43083 /* Release configuration for PBXNativeTarget "FastFileReceiver" */ = {
			isa = XCBuildConfiguration;
			buildSettings = {
				ASSETCATALOG_COMPILER_APPICON_NAME = AppIcon;
				ASSETCATALOG_COMPILER_GLOBAL_ACCENT_COLOR_NAME = AccentColor;
				CODE_SIGN_STYLE = Automatic;
				CURRENT_PROJECT_VERSION = 1;
				DEVELOPMENT_TEAM = B9P888266K;
				ENABLE_APP_SANDBOX = YES;
				ENABLE_HARDENED_RUNTIME = YES;
				ENABLE_OUTGOING_NETWORK_CONNECTIONS = YES;
				ENABLE_PREVIEWS = YES;
				GENERATE_INFOPLIST_FILE = YES;
				INFOPLIST_FILE = FastFileReceiver/Info.plist;
				INFOPLIST_KEY_UIApplicationSceneManifest_Generation = YES;
				INFOPLIST_KEY_UIApplicationSupportsIndirectInputEvents = YES;
				INFOPLIST_KEY_UILaunchScreen_Generation = YES;
				INFOPLIST_KEY_UISupportedInterfaceOrientations_iPad = "UIInterfaceOrientationPortrait UIInterfaceOrientationPortraitUpsideDown UIInterfaceOrientationLandscapeLeft UIInterfaceOrientationLandscapeRight";
				INFOPLIST_KEY_UISupportedInterfaceOrientations_iPhone = "UIInterfaceOrientationPortrait UIInterfaceOrientationLandscapeLeft UIInterfaceOrientationLandscapeRight";
				LD_RUNPATH_SEARCH_PATHS = (
					"$(inherited)",
					"@executable_path/Frameworks",
				);
				MARKETING_VERSION = 1.0;
				PRODUCT_BUNDLE_IDENTIFIER = com.aryanrogye.FastFileReceiver;
				PRODUCT_NAME = "$(TARGET_NAME)";
				REGISTER_APP_GROUPS = YES;
				STRING_CATALOG_GENERATE_SYMBOLS = YES;
				SUPPORTED_PLATFORMS = "iphoneos iphonesimulator";
				SUPPORTS_MACCATALYST = NO;
				SWIFT_APPROACHABLE_CONCURRENCY = YES;
				SWIFT_DEFAULT_ACTOR_ISOLATION = MainActor;
				SWIFT_EMIT_LOC_STRINGS = YES;
				SWIFT_UPCOMING_FEATURE_MEMBER_IMPORT_VISIBILITY = YES;
				SWIFT_VERSION = 5.0;
				TARGETED_DEVICE_FAMILY = "1,2";
			};
			name = Release;
		};
		9BDB36B2305539BA00E43083 /* Debug configuration for PBXNativeTarget "FastFileReceiverTests" */ = {
			isa = XCBuildConfiguration;
			buildSettings = {
				BUNDLE_LOADER = "$(TEST_HOST)";
				CODE_SIGN_STYLE = Automatic;
				CURRENT_PROJECT_VERSION = 1;
				DEVELOPMENT_TEAM = B9P888266K;
				GENERATE_INFOPLIST_FILE = YES;
				IPHONEOS_DEPLOYMENT_TARGET = 27.0;
				MARKETING_VERSION = 1.0;
				PRODUCT_BUNDLE_IDENTIFIER = com.aryanrogye.FastFileReceiverTests;
				PRODUCT_NAME = "$(TARGET_NAME)";
				STRING_CATALOG_GENERATE_SYMBOLS = NO;
				SWIFT_APPROACHABLE_CONCURRENCY = YES;
				SWIFT_EMIT_LOC_STRINGS = NO;
				SWIFT_UPCOMING_FEATURE_MEMBER_IMPORT_VISIBILITY = YES;
				SWIFT_VERSION = 5.0;
				TARGETED_DEVICE_FAMILY = "1,2";
				TEST_HOST = "$(BUILT_PRODUCTS_DIR)/FastFileReceiver.app/$(BUNDLE_EXECUTABLE_FOLDER_PATH)/FastFileReceiver";
			};
			name = Debug;
		};
		9BDB36B3305539BA00E43083 /* Release configuration for PBXNativeTarget "FastFileReceiverTests" */ = {
			isa = XCBuildConfiguration;
			buildSettings = {
				BUNDLE_LOADER = "$(TEST_HOST)";
				CODE_SIGN_STYLE = Automatic;
				CURRENT_PROJECT_VERSION = 1;
				DEVELOPMENT_TEAM = B9P888266K;
				GENERATE_INFOPLIST_FILE = YES;
				IPHONEOS_DEPLOYMENT_TARGET = 27.0;
				MARKETING_VERSION = 1.0;
				PRODUCT_BUNDLE_IDENTIFIER = com.aryanrogye.FastFileReceiverTests;
				PRODUCT_NAME = "$(TARGET_NAME)";
				STRING_CATALOG_GENERATE_SYMBOLS = NO;
				SWIFT_APPROACHABLE_CONCURRENCY = YES;
				SWIFT_EMIT_LOC_STRINGS = NO;
				SWIFT_UPCOMING_FEATURE_MEMBER_IMPORT_VISIBILITY = YES;
				SWIFT_VERSION = 5.0;
				TARGETED_DEVICE_FAMILY = "1,2";
				TEST_HOST = "$(BUILT_PRODUCTS_DIR)/FastFileReceiver.app/$(BUNDLE_EXECUTABLE_FOLDER_PATH)/FastFileReceiver";
			};
			name = Release;
		};
		9BDB36B5305539BA00E43083 /* Debug configuration for PBXNativeTarget "FastFileReceiverUITests" */ = {
			isa = XCBuildConfiguration;
			buildSettings = {
				CODE_SIGN_STYLE = Automatic;
				CURRENT_PROJECT_VERSION = 1;
				DEVELOPMENT_TEAM = B9P888266K;
				GENERATE_INFOPLIST_FILE = YES;
				MARKETING_VERSION = 1.0;
				PRODUCT_BUNDLE_IDENTIFIER = com.aryanrogye.FastFileReceiverUITests;
				PRODUCT_NAME = "$(TARGET_NAME)";
				STRING_CATALOG_GENERATE_SYMBOLS = NO;
				SWIFT_APPROACHABLE_CONCURRENCY = YES;
				SWIFT_EMIT_LOC_STRINGS = NO;
				SWIFT_UPCOMING_FEATURE_MEMBER_IMPORT_VISIBILITY = YES;
				SWIFT_VERSION = 5.0;
				TARGETED_DEVICE_FAMILY = "1,2";
				TEST_TARGET_NAME = FastFileReceiver;
			};
			name = Debug;
		};
		9BDB36B6305539BA00E43083 /* Release configuration for PBXNativeTarget "FastFileReceiverUITests" */ = {
			isa = XCBuildConfiguration;
			buildSettings = {
				CODE_SIGN_STYLE = Automatic;
				CURRENT_PROJECT_VERSION = 1;
				DEVELOPMENT_TEAM = B9P888266K;
				GENERATE_INFOPLIST_FILE = YES;
				MARKETING_VERSION = 1.0;
				PRODUCT_BUNDLE_IDENTIFIER = com.aryanrogye.FastFileReceiverUITests;
				PRODUCT_NAME = "$(TARGET_NAME)";
				STRING_CATALOG_GENERATE_SYMBOLS = NO;
				SWIFT_APPROACHABLE_CONCURRENCY = YES;
				SWIFT_EMIT_LOC_STRINGS = NO;
				SWIFT_UPCOMING_FEATURE_MEMBER_IMPORT_VISIBILITY = YES;
				SWIFT_VERSION = 5.0;
				TARGETED_DEVICE_FAMILY = "1,2";
				TEST_TARGET_NAME = FastFileReceiver;
			};
			name = Release;
		};
/* End XCBuildConfiguration section */

/* Begin XCConfigurationList section */
		9BDB368A305539B800E43083 /* Build configuration list for PBXProject "FastFileReceiver" */ = {
			isa = XCConfigurationList;
			buildConfigurations = (
				9BDB36AC305539BA00E43083 /* Debug configuration for PBXProject "FastFileReceiver" */,
				9BDB36AD305539BA00E43083 /* Release configuration for PBXProject "FastFileReceiver" */,
			);
			defaultConfigurationName = Release;
		};
		9BDB36AE305539BA00E43083 /* Build configuration list for PBXNativeTarget "FastFileReceiver" */ = {
			isa = XCConfigurationList;
			buildConfigurations = (
				9BDB36AF305539BA00E43083 /* Debug configuration for PBXNativeTarget "FastFileReceiver" */,
				9BDB36B0305539BA00E43083 /* Release configuration for PBXNativeTarget "FastFileReceiver" */,
			);
			defaultConfigurationName = Release;
		};
		9BDB36B1305539BA00E43083 /* Build configuration list for PBXNativeTarget "FastFileReceiverTests" */ = {
			isa = XCConfigurationList;
			buildConfigurations = (
				9BDB36B2305539BA00E43083 /* Debug configuration for PBXNativeTarget "FastFileReceiverTests" */,
				9BDB36B3305539BA00E43083 /* Release configuration for PBXNativeTarget "FastFileReceiverTests" */,
			);
			defaultConfigurationName = Release;
		};
		9BDB36B4305539BA00E43083 /* Build configuration list for PBXNativeTarget "FastFileReceiverUITests" */ = {
			isa = XCConfigurationList;
			buildConfigurations = (
				9BDB36B5305539BA00E43083 /* Debug configuration for PBXNativeTarget "FastFileReceiverUITests" */,
				9BDB36B6305539BA00E43083 /* Release configuration for PBXNativeTarget "FastFileReceiverUITests" */,
			);
			defaultConfigurationName = Release;
		};
/* End XCConfigurationList section */
	};
	rootObject = 9BDB3687305539B800E43083 /* Project object */;
	validationLevel = 1;
}
